// !$*UTF8*$!
{
	archiveVersion = 1;
	classes = {
	};
	objectVersion = 50;
	objects = {

/* Begin PBXBuildFile section */
		9BC22E812506CE8200C0F9D2 /* BoardGameAtlasTestApp.swift in Sources */ = {isa = PBXBuildFile; fileRef = 9BC22E802506CE8200C0F9D2 /* BoardGameAtlasTestApp.swift */; };
		9BC22E832506CE8200C0F9D2 /* ContentView.swift in Sources */ = {isa = PBXBuildFile; fileRef = 9BC22E822506CE8200C0F9D2 /* ContentView.swift */; };
		9BC22E852506CE8400C0F9D2 /* Assets.xcassets in Resources */ = {isa = PBXBuildFile; fileRef = 9BC22E842506CE8400C0F9D2 /* Assets.xcassets */; };
		9BC22E882506CE8400C0F9D2 /* Preview Assets.xcassets in Resources */ = {isa = PBXBuildFile; fileRef = 9BC22E872506CE8400C0F9D2 /* Preview Assets.xcassets */; };
		9BC22E932506CE8400C0F9D2 /* BoardGameAtlasTestTests.swift in Sources */ = {isa = PBXBuildFile; fileRef = 9BC22E922506CE8400C0F9D2 /* BoardGameAtlasTestTests.swift */; };
		9BC22E9E2506CE8400C0F9D2 /* BoardGameAtlasTestUITests.swift in Sources */ = {isa = PBXBuildFile; fileRef = 9BC22E9D2506CE8400C0F9D2 /* BoardGameAtlasTestUITests.swift */; };
		9BC22EAD2506DD6300C0F9D2 /* GameDTO.swift in Sources */ = {isa = PBXBuildFile; fileRef = 9BC22EAC2506DD6300C0F9D2 /* GameDTO.swift */; };
		9BC22EB02506DE3D00C0F9D2 /* APIRequest.swift in Sources */ = {isa = PBXBuildFile; fileRef = 9BC22EAF2506DE3D00C0F9D2 /* APIRequest.swift */; };
		9BC22EB22506DE5200C0F9D2 /* APIError.swift in Sources */ = {isa = PBXBuildFile; fileRef = 9BC22EB12506DE5200C0F9D2 /* APIError.swift */; };
		9BC22EB42506DE9600C0F9D2 /* APIClient.swift in Sources */ = {isa = PBXBuildFile; fileRef = 9BC22EB32506DE9600C0F9D2 /* APIClient.swift */; };
		9BC22EB92506E2A600C0F9D2 /* GetGamesRequest.swift in Sources */ = {isa = PBXBuildFile; fileRef = 9BC22EB82506E2A600C0F9D2 /* GetGamesRequest.swift */; };
		9BC611DA25082463006EAE20 /* Feedback.swift in Sources */ = {isa = PBXBuildFile; fileRef = 9BC611D925082463006EAE20 /* Feedback.swift */; };
		9BC611DC25082477006EAE20 /* System.swift in Sources */ = {isa = PBXBuildFile; fileRef = 9BC611DB25082477006EAE20 /* System.swift */; };
		9BC611E22508252A006EAE20 /* GameboardsListView.swift in Sources */ = {isa = PBXBuildFile; fileRef = 9BC611E12508252A006EAE20 /* GameboardsListView.swift */; };
		9BC611E425082578006EAE20 /* GameboardsListViewModel.swift in Sources */ = {isa = PBXBuildFile; fileRef = 9BC611E325082578006EAE20 /* GameboardsListViewModel.swift */; };
		9BC611E725082593006EAE20 /* View+Ext.swift in Sources */ = {isa = PBXBuildFile; fileRef = 9BC611E625082593006EAE20 /* View+Ext.swift */; };
		9BC611EA250825BE006EAE20 /* Agent.swift in Sources */ = {isa = PBXBuildFile; fileRef = 9BC611E9250825BE006EAE20 /* Agent.swift */; };
		9BC611ED25082634006EAE20 /* Spinner.swift in Sources */ = {isa = PBXBuildFile; fileRef = 9BC611EC25082634006EAE20 /* Spinner.swift */; };
		9BC611F025082658006EAE20 /* AsyncImage.swift in Sources */ = {isa = PBXBuildFile; fileRef = 9BC611EF25082658006EAE20 /* AsyncImage.swift */; };
		9BC611F225082675006EAE20 /* ImageCache.swift in Sources */ = {isa = PBXBuildFile; fileRef = 9BC611F125082675006EAE20 /* ImageCache.swift */; };
		9BC611F425082687006EAE20 /* ImageLoader.swift in Sources */ = {isa = PBXBuildFile; fileRef = 9BC611F325082687006EAE20 /* ImageLoader.swift */; };
/* End PBXBuildFile section */

/* Begin PBXContainerItemProxy section */
		9BC22E8F2506CE8400C0F9D2 /* PBXContainerItemProxy */ = {
			isa = PBXContainerItemProxy;
			containerPortal = 9BC22E752506CE8200C0F9D2 /* Project object */;
			proxyType = 1;
			remoteGlobalIDString = 9BC22E7C2506CE8200C0F9D2;
			remoteInfo = BoardGameAtlasTest;
		};
		9BC22E9A2506CE8400C0F9D2 /* PBXContainerItemProxy */ = {
			isa = PBXContainerItemProxy;
			containerPortal = 9BC22E752506CE8200C0F9D2 /* Project object */;
			proxyType = 1;
			remoteGlobalIDString = 9BC22E7C2506CE8200C0F9D2;
			remoteInfo = BoardGameAtlasTest;
		};
/* End PBXContainerItemProxy section */

/* Begin PBXFileReference section */
		9BC22E7D2506CE8200C0F9D2 /* BoardGameAtlasTest.app */ = {isa = PBXFileReference; explicitFileType = wrapper.application; includeInIndex = 0; path = BoardGameAtlasTest.app; sourceTree = BUILT_PRODUCTS_DIR; };
		9BC22E802506CE8200C0F9D2 /* BoardGameAtlasTestApp.swift */ = {isa = PBXFileReference; lastKnownFileType = sourcecode.swift; path = BoardGameAtlasTestApp.swift; sourceTree = "<group>"; };
		9BC22E822506CE8200C0F9D2 /* ContentView.swift */ = {isa = PBXFileReference; lastKnownFileType = sourcecode.swift; path = ContentView.swift; sourceTree = "<group>"; };
		9BC22E842506CE8400C0F9D2 /* Assets.xcassets */ = {isa = PBXFileReference; lastKnownFileType = folder.assetcatalog; path = Assets.xcassets; sourceTree = "<group>"; };
		9BC22E872506CE8400C0F9D2 /* Preview Assets.xcassets */ = {isa = PBXFileReference; lastKnownFileType = folder.assetcatalog; path = "Preview Assets.xcassets"; sourceTree = "<group>"; };
		9BC22E892506CE8400C0F9D2 /* Info.plist */ = {isa = PBXFileReference; lastKnownFileType = text.plist.xml; path = Info.plist; sourceTree = "<group>"; };
		9BC22E8E2506CE8400C0F9D2 /* BoardGameAtlasTestTests.xctest */ = {isa = PBXFileReference; explicitFileType = wrapper.cfbundle; includeInIndex = 0; path = BoardGameAtlasTestTests.xctest; sourceTree = BUILT_PRODUCTS_DIR; };
		9BC22E922506CE8400C0F9D2 /* BoardGameAtlasTestTests.swift */ = {isa = PBXFileReference; lastKnownFileType = sourcecode.swift; path = BoardGameAtlasTestTests.swift; sourceTree = "<group>"; };
		9BC22E942506CE8400C0F9D2 /* Info.plist */ = {isa = PBXFileReference; lastKnownFileType = text.plist.xml; path = Info.plist; sourceTree = "<group>"; };
		9BC22E992506CE8400C0F9D2 /* BoardGameAtlasTestUITests.xctest */ = {isa = PBXFileReference; explicitFileType = wrapper.cfbundle; includeInIndex = 0; path = BoardGameAtlasTestUITests.xctest; sourceTree = BUILT_PRODUCTS_DIR; };
		9BC22E9D2506CE8400C0F9D2 /* BoardGameAtlasTestUITests.swift */ = {isa = PBXFileReference; lastKnownFileType = sourcecode.swift; path = BoardGameAtlasTestUITests.swift; sourceTree = "<group>"; };
		9BC22E9F2506CE8400C0F9D2 /* Info.plist */ = {isa = PBXFileReference; lastKnownFileType = text.plist.xml; path = Info.plist; sourceTree = "<group>"; };
		9BC22EAC2506DD6300C0F9D2 /* GameDTO.swift */ = {isa = PBXFileReference; lastKnownFileType = sourcecode.swift; path = GameDTO.swift; sourceTree = "<group>"; };
		9BC22EAF2506DE3D00C0F9D2 /* APIRequest.swift */ = {isa = PBXFileReference; lastKnownFileType = sourcecode.swift; path = APIRequest.swift; sourceTree = "<group>"; };
		9BC22EB12506DE5200C0F9D2 /* APIError.swift */ = {isa = PBXFileReference; lastKnownFileType = sourcecode.swift; path = APIError.swift; sourceTree = "<group>"; };
		9BC22EB32506DE9600C0F9D2 /* APIClient.swift */ = {isa = PBXFileReference; lastKnownFileType = sourcecode.swift; path = APIClient.swift; sourceTree = "<group>"; };
		9BC22EB82506E2A600C0F9D2 /* GetGamesRequest.swift */ = {isa = PBXFileReference; lastKnownFileType = sourcecode.swift; path = GetGamesRequest.swift; sourceTree = "<group>"; };
		9BC611D925082463006EAE20 /* Feedback.swift */ = {isa = PBXFileReference; lastKnownFileType = sourcecode.swift; path = Feedback.swift; sourceTree = "<group>"; };
		9BC611DB25082477006EAE20 /* System.swift */ = {isa = PBXFileReference; lastKnownFileType = sourcecode.swift; path = System.swift; sourceTree = "<group>"; };
		9BC611E12508252A006EAE20 /* GameboardsListView.swift */ = {isa = PBXFileReference; lastKnownFileType = sourcecode.swift; path = GameboardsListView.swift; sourceTree = "<group>"; };
		9BC611E325082578006EAE20 /* GameboardsListViewModel.swift */ = {isa = PBXFileReference; lastKnownFileType = sourcecode.swift; path = GameboardsListViewModel.swift; sourceTree = "<group>"; };
		9BC611E625082593006EAE20 /* View+Ext.swift */ = {isa = PBXFileReference; lastKnownFileType = sourcecode.swift; path = "View+Ext.swift"; sourceTree = "<group>"; };
		9BC611E9250825BE006EAE20 /* Agent.swift */ = {isa = PBXFileReference; lastKnownFileType = sourcecode.swift; path = Agent.swift; sourceTree = "<group>"; };
		9BC611EC25082634006EAE20 /* Spinner.swift */ = {isa = PBXFileReference; lastKnownFileType = sourcecode.swift; path = Spinner.swift; sourceTree = "<group>"; };
		9BC611EF25082658006EAE20 /* AsyncImage.swift */ = {isa = PBXFileReference; lastKnownFileType = sourcecode.swift; path = AsyncImage.swift; sourceTree = "<group>"; };
		9BC611F125082675006EAE20 /* ImageCache.swift */ = {isa = PBXFileReference; lastKnownFileType = sourcecode.swift; path = ImageCache.swift; sourceTree = "<group>"; };
		9BC611F325082687006EAE20 /* ImageLoader.swift */ = {isa = PBXFileReference; lastKnownFileType = sourcecode.swift; path = ImageLoader.swift; sourceTree = "<group>"; };
/* End PBXFileReference section */

/* Begin PBXFrameworksBuildPhase section */
		9BC22E7A2506CE8200C0F9D2 /* Frameworks */ = {
			isa = PBXFrameworksBuildPhase;
			buildActionMask = 2147483647;
			files = (
			);
			runOnlyForDeploymentPostprocessing = 0;
		};
		9BC22E8B2506CE8400C0F9D2 /* Frameworks */ = {
			isa = PBXFrameworksBuildPhase;
			buildActionMask = 2147483647;
			files = (
			);
			runOnlyForDeploymentPostprocessing = 0;
		};
		9BC22E962506CE8400C0F9D2 /* Frameworks */ = {
			isa = PBXFrameworksBuildPhase;
			buildActionMask = 2147483647;
			files = (
			);
			runOnlyForDeploymentPostprocessing = 0;
		};
/* End PBXFrameworksBuildPhase section */

/* Begin PBXGroup section */
		9BC22E742506CE8200C0F9D2 = {
			isa = PBXGroup;
			children = (
				9BC22E7F2506CE8200C0F9D2 /* BoardGameAtlasTest */,
				9BC22E912506CE8400C0F9D2 /* BoardGameAtlasTestTests */,
				9BC22E9C2506CE8400C0F9D2 /* BoardGameAtlasTestUITests */,
				9BC22E7E2506CE8200C0F9D2 /* Products */,
			);
			sourceTree = "<group>";
		};
		9BC22E7E2506CE8200C0F9D2 /* Products */ = {
			isa = PBXGroup;
			children = (
				9BC22E7D2506CE8200C0F9D2 /* BoardGameAtlasTest.app */,
				9BC22E8E2506CE8400C0F9D2 /* BoardGameAtlasTestTests.xctest */,
				9BC22E992506CE8400C0F9D2 /* BoardGameAtlasTestUITests.xctest */,
			);
			name = Products;
			sourceTree = "<group>";
		};
		9BC22E7F2506CE8200C0F9D2 /* BoardGameAtlasTest */ = {
			isa = PBXGroup;
			children = (
				9BC22E802506CE8200C0F9D2 /* BoardGameAtlasTestApp.swift */,
				9BC22E822506CE8200C0F9D2 /* ContentView.swift */,
				9BC611EB25082628006EAE20 /* Controls */,
				9BC611E8250825B0006EAE20 /* API */,
				9BC611E525082580006EAE20 /* Extensions */,
				9BC611DD250824ED006EAE20 /* Features */,
				9BC611D825082356006EAE20 /* Feedback */,
				9BC22E842506CE8400C0F9D2 /* Assets.xcassets */,
				9BC22E892506CE8400C0F9D2 /* Info.plist */,
				9BC22E862506CE8400C0F9D2 /* Preview Content */,
			);
			path = BoardGameAtlasTest;
			sourceTree = "<group>";
		};
		9BC22E862506CE8400C0F9D2 /* Preview Content */ = {
			isa = PBXGroup;
			children = (
				9BC22E872506CE8400C0F9D2 /* Preview Assets.xcassets */,
			);
			path = "Preview Content";
			sourceTree = "<group>";
		};
		9BC22E912506CE8400C0F9D2 /* BoardGameAtlasTestTests */ = {
			isa = PBXGroup;
			children = (
				9BC22E922506CE8400C0F9D2 /* BoardGameAtlasTestTests.swift */,
				9BC22E942506CE8400C0F9D2 /* Info.plist */,
			);
			path = BoardGameAtlasTestTests;
			sourceTree = "<group>";
		};
		9BC22E9C2506CE8400C0F9D2 /* BoardGameAtlasTestUITests */ = {
			isa = PBXGroup;
			children = (
				9BC22E9D2506CE8400C0F9D2 /* BoardGameAtlasTestUITests.swift */,
				9BC22E9F2506CE8400C0F9D2 /* Info.plist */,
			);
			path = BoardGameAtlasTestUITests;
			sourceTree = "<group>";
		};
		9BC22EAB2506DB6700C0F9D2 /* DTO */ = {
			isa = PBXGroup;
			children = (
				9BC22EAC2506DD6300C0F9D2 /* GameDTO.swift */,
			);
			path = DTO;
			sourceTree = "<group>";
		};
		9BC22EAE2506DDAE00C0F9D2 /* Networking */ = {
			isa = PBXGroup;
			children = (
				9BC22EBA2506E2BE00C0F9D2 /* Request */,
				9BC22EAF2506DE3D00C0F9D2 /* APIRequest.swift */,
				9BC22EB12506DE5200C0F9D2 /* APIError.swift */,
				9BC22EB32506DE9600C0F9D2 /* APIClient.swift */,
			);
			path = Networking;
			sourceTree = "<group>";
		};
		9BC22EBA2506E2BE00C0F9D2 /* Request */ = {
			isa = PBXGroup;
			children = (
				9BC22EB82506E2A600C0F9D2 /* GetGamesRequest.swift */,
			);
			path = Request;
			sourceTree = "<group>";
		};
		9BC611D825082356006EAE20 /* Feedback */ = {
			isa = PBXGroup;
			children = (
				9BC611D925082463006EAE20 /* Feedback.swift */,
				9BC611DB25082477006EAE20 /* System.swift */,
			);
			path = Feedback;
			sourceTree = "<group>";
		};
		9BC611DD250824ED006EAE20 /* Features */ = {
			isa = PBXGroup;
			children = (
				9BC611DE250824F5006EAE20 /* GameboardsList */,
			);
			path = Features;
			sourceTree = "<group>";
		};
		9BC611DE250824F5006EAE20 /* GameboardsList */ = {
			isa = PBXGroup;
			children = (
				9BC611E12508252A006EAE20 /* GameboardsListView.swift */,
				9BC611E325082578006EAE20 /* GameboardsListViewModel.swift */,
			);
			path = GameboardsList;
			sourceTree = "<group>";
		};
		9BC611E525082580006EAE20 /* Extensions */ = {
			isa = PBXGroup;
			children = (
				9BC611E625082593006EAE20 /* View+Ext.swift */,
			);
			path = Extensions;
			sourceTree = "<group>";
		};
		9BC611E8250825B0006EAE20 /* API */ = {
			isa = PBXGroup;
			children = (
				9BC611E9250825BE006EAE20 /* Agent.swift */,
				9BC22EAB2506DB6700C0F9D2 /* DTO */,
				9BC22EAE2506DDAE00C0F9D2 /* Networking */,
			);
			path = API;
			sourceTree = "<group>";
		};
		9BC611EB25082628006EAE20 /* Controls */ = {
			isa = PBXGroup;
			children = (
				9BC611EE25082643006EAE20 /* AsyncImage */,
				9BC611EC25082634006EAE20 /* Spinner.swift */,
			);
			path = Controls;
			sourceTree = "<group>";
		};
		9BC611EE25082643006EAE20 /* AsyncImage */ = {
			isa = PBXGroup;
			children = (
				9BC611EF25082658006EAE20 /* AsyncImage.swift */,
				9BC611F125082675006EAE20 /* ImageCache.swift */,
				9BC611F325082687006EAE20 /* ImageLoader.swift */,
			);
			path = AsyncImage;
			sourceTree = "<group>";
		};
/* End PBXGroup section */

/* Begin PBXNativeTarget section */
		9BC22E7C2506CE8200C0F9D2 /* BoardGameAtlasTest */ = {
			isa = PBXNativeTarget;
			buildConfigurationList = 9BC22EA22506CE8400C0F9D2 /* Build configuration list for PBXNativeTarget "BoardGameAtlasTest" */;
			buildPhases = (
				9BC22E792506CE8200C0F9D2 /* Sources */,
				9BC22E7A2506CE8200C0F9D2 /* Frameworks */,
				9BC22E7B2506CE8200C0F9D2 /* Resources */,
			);
			buildRules = (
			);
			dependencies = (
			);
			name = BoardGameAtlasTest;
			productName = BoardGameAtlasTest;
			productReference = 9BC22E7D2506CE8200C0F9D2 /* BoardGameAtlasTest.app */;
			productType = "com.apple.product-type.application";
		};
		9BC22E8D2506CE8400C0F9D2 /* BoardGameAtlasTestTests */ = {
			isa = PBXNativeTarget;
			buildConfigurationList = 9BC22EA52506CE8400C0F9D2 /* Build configuration list for PBXNativeTarget "BoardGameAtlasTestTests" */;
			buildPhases = (
				9BC22E8A2506CE8400C0F9D2 /* Sources */,
				9BC22E8B2506CE8400C0F9D2 /* Frameworks */,
				9BC22E8C2506CE8400C0F9D2 /* Resources */,
			);
			buildRules = (
			);
			dependencies = (
				9BC22E902506CE8400C0F9D2 /* PBXTargetDependency */,
			);
			name = BoardGameAtlasTestTests;
			productName = BoardGameAtlasTestTests;
			productReference = 9BC22E8E2506CE8400C0F9D2 /* BoardGameAtlasTestTests.xctest */;
			productType = "com.apple.product-type.bundle.unit-test";
		};
		9BC22E982506CE8400C0F9D2 /* BoardGameAtlasTestUITests */ = {
			isa = PBXNativeTarget;
			buildConfigurationList = 9BC22EA82506CE8400C0F9D2 /* Build configuration list for PBXNativeTarget "BoardGameAtlasTestUITests" */;
			buildPhases = (
				9BC22E952506CE8400C0F9D2 /* Sources */,
				9BC22E962506CE8400C0F9D2 /* Frameworks */,
				9BC22E972506CE8400C0F9D2 /* Resources */,
			);
			buildRules = (
			);
			dependencies = (
				9BC22E9B2506CE8400C0F9D2 /* PBXTargetDependency */,
			);
			name = BoardGameAtlasTestUITests;
			productName = BoardGameAtlasTestUITests;
			productReference = 9BC22E992506CE8400C0F9D2 /* BoardGameAtlasTestUITests.xctest */;
			productType = "com.apple.product-type.bundle.ui-testing";
		};
/* End PBXNativeTarget section */

/* Begin PBXProject section */
		9BC22E752506CE8200C0F9D2 /* Project object */ = {
			isa = PBXProject;
			attributes = {
				LastSwiftUpdateCheck = 1200;
				LastUpgradeCheck = 1200;
				TargetAttributes = {
					9BC22E7C2506CE8200C0F9D2 = {
						CreatedOnToolsVersion = 12.0;
					};
					9BC22E8D2506CE8400C0F9D2 = {
						CreatedOnToolsVersion = 12.0;
						TestTargetID = 9BC22E7C2506CE8200C0F9D2;
					};
					9BC22E982506CE8400C0F9D2 = {
						CreatedOnToolsVersion = 12.0;
						TestTargetID = 9BC22E7C2506CE8200C0F9D2;
					};
				};
			};
			buildConfigurationList = 9BC22E782506CE8200C0F9D2 /* Build configuration list for PBXProject "BoardGameAtlasTest" */;
			compatibilityVersion = "Xcode 9.3";
			developmentRegion = en;
			hasScannedForEncodings = 0;
			knownRegions = (
				en,
				Base,
			);
			mainGroup = 9BC22E742506CE8200C0F9D2;
			productRefGroup = 9BC22E7E2506CE8200C0F9D2 /* Products */;
			projectDirPath = "";
			projectRoot = "";
			targets = (
				9BC22E7C2506CE8200C0F9D2 /* BoardGameAtlasTest */,
				9BC22E8D2506CE8400C0F9D2 /* BoardGameAtlasTestTests */,
				9BC22E982506CE8400C0F9D2 /* BoardGameAtlasTestUITests */,
			);
		};
/* End PBXProject section */

/* Begin PBXResourcesBuildPhase section */
		9BC22E7B2506CE8200C0F9D2 /* Resources */ = {
			isa = PBXResourcesBuildPhase;
			buildActionMask = 2147483647;
			files = (
				9BC22E882506CE8400C0F9D2 /* Preview Assets.xcassets in Resources */,
				9BC22E852506CE8400C0F9D2 /* Assets.xcassets in Resources */,
			);
			runOnlyForDeploymentPostprocessing = 0;
		};
		9BC22E8C2506CE8400C0F9D2 /* Resources */ = {
			isa = PBXResourcesBuildPhase;
			buildActionMask = 2147483647;
			files = (
			);
			runOnlyForDeploymentPostprocessing = 0;
		};
		9BC22E972506CE8400C0F9D2 /* Resources */ = {
			isa = PBXResourcesBuildPhase;
			buildActionMask = 2147483647;
			files = (
			);
			runOnlyForDeploymentPostprocessing = 0;
		};
/* End PBXResourcesBuildPhase section */

/* Begin PBXSourcesBuildPhase section */
		9BC22E792506CE8200C0F9D2 /* Sources */ = {
			isa = PBXSourcesBuildPhase;
			buildActionMask = 2147483647;
			files = (
				9BC611E725082593006EAE20 /* View+Ext.swift in Sources */,
				9BC22E832506CE8200C0F9D2 /* ContentView.swift in Sources */,
				9BC611F025082658006EAE20 /* AsyncImage.swift in Sources */,
				9BC611DA25082463006EAE20 /* Feedback.swift in Sources */,
				9BC22EAD2506DD6300C0F9D2 /* GameDTO.swift in Sources */,
				9BC22EB02506DE3D00C0F9D2 /* APIRequest.swift in Sources */,
				9BC611EA250825BE006EAE20 /* Agent.swift in Sources */,
				9BC611ED25082634006EAE20 /* Spinner.swift in Sources */,
				9BC611F425082687006EAE20 /* ImageLoader.swift in Sources */,
				9BC22EB92506E2A600C0F9D2 /* GetGamesRequest.swift in Sources */,
				9BC22EB22506DE5200C0F9D2 /* APIError.swift in Sources */,
				9BC611E22508252A006EAE20 /* GameboardsListView.swift in Sources */,
				9BC611F225082675006EAE20 /* ImageCache.swift in Sources */,
				9BC22E812506CE8200C0F9D2 /* BoardGameAtlasTestApp.swift in Sources */,
				9BC22EB42506DE9600C0F9D2 /* APIClient.swift in Sources */,
				9BC611E425082578006EAE20 /* GameboardsListViewModel.swift in Sources */,
				9BC611DC25082477006EAE20 /* System.swift in Sources */,
			);
			runOnlyForDeploymentPostprocessing = 0;
		};
		9BC22E8A2506CE8400C0F9D2 /* Sources */ = {
			isa = PBXSourcesBuildPhase;
			buildActionMask = 2147483647;
			files = (
				9BC22E932506CE8400C0F9D2 /* BoardGameAtlasTestTests.swift in Sources */,
			);
			runOnlyForDeploymentPostprocessing = 0;
		};
		9BC22E952506CE8400C0F9D2 /* Sources */ = {
			isa = PBXSourcesBuildPhase;
			buildActionMask = 2147483647;
			files = (
				9BC22E9E2506CE8400C0F9D2 /* BoardGameAtlasTestUITests.swift in Sources */,
			);
			runOnlyForDeploymentPostprocessing = 0;
		};
/* End PBXSourcesBuildPhase section */

/* Begin PBXTargetDependency section */
		9BC22E902506CE8400C0F9D2 /* PBXTargetDependency */ = {
			isa = PBXTargetDependency;
			target = 9BC22E7C2506CE8200C0F9D2 /* BoardGameAtlasTest */;
			targetProxy = 9BC22E8F2506CE8400C0F9D2 /* PBXContainerItemProxy */;
		};
		9BC22E9B2506CE8400C0F9D2 /* PBXTargetDependency */ = {
			isa = PBXTargetDependency;
			target = 9BC22E7C2506CE8200C0F9D2 /* BoardGameAtlasTest */;
			targetProxy = 9BC22E9A2506CE8400C0F9D2 /* PBXContainerItemProxy */;
		};
/* End PBXTargetDependency section */

/* Begin XCBuildConfiguration section */
		9BC22EA02506CE8400C0F9D2 /* Debug */ = {
			isa = XCBuildConfiguration;
			buildSettings = {
				ALWAYS_SEARCH_USER_PATHS = NO;
				CLANG_ANALYZER_NONNULL = YES;
				CLANG_ANALYZER_NUMBER_OBJECT_CONVERSION = YES_AGGRESSIVE;
				CLANG_CXX_LANGUAGE_STANDARD = "gnu++14";
				CLANG_CXX_LIBRARY = "libc++";
				CLANG_ENABLE_MODULES = YES;
				CLANG_ENABLE_OBJC_ARC = YES;
				CLANG_ENABLE_OBJC_WEAK = YES;
				CLANG_WARN_BLOCK_CAPTURE_AUTORELEASING = YES;
				CLANG_WARN_BOOL_CONVERSION = YES;
				CLANG_WARN_COMMA = YES;
				CLANG_WARN_CONSTANT_CONVERSION = YES;
				CLANG_WARN_DEPRECATED_OBJC_IMPLEMENTATIONS = YES;
				CLANG_WARN_DIRECT_OBJC_ISA_USAGE = YES_ERROR;
				CLANG_WARN_DOCUMENTATION_COMMENTS = YES;
				CLANG_WARN_EMPTY_BODY = YES;
				CLANG_WARN_ENUM_CONVERSION = YES;
				CLANG_WARN_INFINITE_RECURSION = YES;
				CLANG_WARN_INT_CONVERSION = YES;
				CLANG_WARN_NON_LITERAL_NULL_CONVERSION = YES;
				CLANG_WARN_OBJC_IMPLICIT_RETAIN_SELF = YES;
				CLANG_WARN_OBJC_LITERAL_CONVERSION = YES;
				CLANG_WARN_OBJC_ROOT_CLASS = YES_ERROR;
				CLANG_WARN_QUOTED_INCLUDE_IN_FRAMEWORK_HEADER = YES;
				CLANG_WARN_RANGE_LOOP_ANALYSIS = YES;
				CLANG_WARN_STRICT_PROTOTYPES = YES;
				CLANG_WARN_SUSPICIOUS_MOVE = YES;
				CLANG_WARN_UNGUARDED_AVAILABILITY = YES_AGGRESSIVE;
				CLANG_WARN_UNREACHABLE_CODE = YES;
				CLANG_WARN__DUPLICATE_METHOD_MATCH = YES;
				COPY_PHASE_STRIP = NO;
				DEBUG_INFORMATION_FORMAT = dwarf;
				ENABLE_STRICT_OBJC_MSGSEND = YES;
				ENABLE_TESTABILITY = YES;
				GCC_C_LANGUAGE_STANDARD = gnu11;
				GCC_DYNAMIC_NO_PIC = NO;
				GCC_NO_COMMON_BLOCKS = YES;
				GCC_OPTIMIZATION_LEVEL = 0;
				GCC_PREPROCESSOR_DEFINITIONS = (
					"DEBUG=1",
					"$(inherited)",
				);
				GCC_WARN_64_TO_32_BIT_CONVERSION = YES;
				GCC_WARN_ABOUT_RETURN_TYPE = YES_ERROR;
				GCC_WARN_UNDECLARED_SELECTOR = YES;
				GCC_WARN_UNINITIALIZED_AUTOS = YES_AGGRESSIVE;
				GCC_WARN_UNUSED_FUNCTION = YES;
				GCC_WARN_UNUSED_VARIABLE = YES;
				IPHONEOS_DEPLOYMENT_TARGET = 14.0;
				MTL_ENABLE_DEBUG_INFO = INCLUDE_SOURCE;
				MTL_FAST_MATH = YES;
				ONLY_ACTIVE_ARCH = YES;
				SDKROOT = iphoneos;
				SWIFT_ACTIVE_COMPILATION_CONDITIONS = DEBUG;
				SWIFT_OPTIMIZATION_LEVEL = "-Onone";
			};
			name = Debug;
		};
		9BC22EA12506CE8400C0F9D2 /* Release */ = {
			isa = XCBuildConfiguration;
			buildSettings = {
				ALWAYS_SEARCH_USER_PATHS = NO;
				CLANG_ANALYZER_NONNULL = YES;
				CLANG_ANALYZER_NUMBER_OBJECT_CONVERSION = YES_AGGRESSIVE;
				CLANG_CXX_LANGUAGE_STANDARD = "gnu++14";
				CLANG_CXX_LIBRARY = "libc++";
				CLANG_ENABLE_MODULES = YES;
				CLANG_ENABLE_OBJC_ARC = YES;
				CLANG_ENABLE_OBJC_WEAK = YES;
				CLANG_WARN_BLOCK_CAPTURE_AUTORELEASING = YES;
				CLANG_WARN_BOOL_CONVERSION = YES;
				CLANG_WARN_COMMA = YES;
				CLANG_WARN_CONSTANT_CONVERSION = YES;
				CLANG_WARN_DEPRECATED_OBJC_IMPLEMENTATIONS = YES;
				CLANG_WARN_DIRECT_OBJC_ISA_USAGE = YES_ERROR;
				CLANG_WARN_DOCUMENTATION_COMMENTS = YES;
				CLANG_WARN_EMPTY_BODY = YES;
				CLANG_WARN_ENUM_CONVERSION = YES;
				CLANG_WARN_INFINITE_RECURSION = YES;
				CLANG_WARN_INT_CONVERSION = YES;
				CLANG_WARN_NON_LITERAL_NULL_CONVERSION = YES;
				CLANG_WARN_OBJC_IMPLICIT_RETAIN_SELF = YES;
				CLANG_WARN_OBJC_LITERAL_CONVERSION = YES;
				CLANG_WARN_OBJC_ROOT_CLASS = YES_ERROR;
				CLANG_WARN_QUOTED_INCLUDE_IN_FRAMEWORK_HEADER = YES;
				CLANG_WARN_RANGE_LOOP_ANALYSIS = YES;
				CLANG_WARN_STRICT_PROTOTYPES = YES;
				CLANG_WARN_SUSPICIOUS_MOVE = YES;
				CLANG_WARN_UNGUARDED_AVAILABILITY = YES_AGGRESSIVE;
				CLANG_WARN_UNREACHABLE_CODE = YES;
				CLANG_WARN__DUPLICATE_METHOD_MATCH = YES;
				COPY_PHASE_STRIP = NO;
				DEBUG_INFORMATION_FORMAT = "dwarf-with-dsym";
				ENABLE_NS_ASSERTIONS = NO;
				ENABLE_STRICT_OBJC_MSGSEND = YES;
				GCC_C_LANGUAGE_STANDARD = gnu11;
				GCC_NO_COMMON_BLOCKS = YES;
				GCC_WARN_64_TO_32_BIT_CONVERSION = YES;
				GCC_WARN_ABOUT_RETURN_TYPE = YES_ERROR;
				GCC_WARN_UNDECLARED_SELECTOR = YES;
				GCC_WARN_UNINITIALIZED_AUTOS = YES_AGGRESSIVE;
				GCC_WARN_UNUSED_FUNCTION = YES;
				GCC_WARN_UNUSED_VARIABLE = YES;
				IPHONEOS_DEPLOYMENT_TARGET = 14.0;
				MTL_ENABLE_DEBUG_INFO = NO;
				MTL_FAST_MATH = YES;
				SDKROOT = iphoneos;
				SWIFT_COMPILATION_MODE = wholemodule;
				SWIFT_OPTIMIZATION_LEVEL = "-O";
				VALIDATE_PRODUCT = YES;
			};
			name = Release;
		};
		9BC22EA32506CE8400C0F9D2 /* Debug */ = {
			isa = XCBuildConfiguration;
			buildSettings = {
				ASSETCATALOG_COMPILER_APPICON_NAME = AppIcon;
				ASSETCATALOG_COMPILER_GLOBAL_ACCENT_COLOR_NAME = AccentColor;
				CODE_SIGN_STYLE = Automatic;
				DEVELOPMENT_ASSET_PATHS = "\"BoardGameAtlasTest/Preview Content\"";
				DEVELOPMENT_TEAM = HL8FSAKWJ2;
				ENABLE_PREVIEWS = YES;
				INFOPLIST_FILE = BoardGameAtlasTest/Info.plist;
				IPHONEOS_DEPLOYMENT_TARGET = 14.0;
				LD_RUNPATH_SEARCH_PATHS = (
					"$(inherited)",
					"@executable_path/Frameworks",
				);
				PRODUCT_BUNDLE_IDENTIFIER = fr.phetsana.BoardGameAtlasTest;
				PRODUCT_NAME = "$(TARGET_NAME)";
				SWIFT_VERSION = 5.0;
				TARGETED_DEVICE_FAMILY = "1,2";
			};
			name = Debug;
		};
		9BC22EA42506CE8400C0F9D2 /* Release */ = {
			isa = XCBuildConfiguration;
			buildSettings = {
				ASSETCATALOG_COMPILER_APPICON_NAME = AppIcon;
				ASSETCATALOG_COMPILER_GLOBAL_ACCENT_COLOR_NAME = AccentColor;
				CODE_SIGN_STYLE = Automatic;
				DEVELOPMENT_ASSET_PATHS = "\"BoardGameAtlasTest/Preview Content\"";
				DEVELOPMENT_TEAM = HL8FSAKWJ2;
				ENABLE_PREVIEWS = YES;
				INFOPLIST_FILE = BoardGameAtlasTest/Info.plist;
				IPHONEOS_DEPLOYMENT_TARGET = 14.0;
				LD_RUNPATH_SEARCH_PATHS = (
					"$(inherited)",
					"@executable_path/Frameworks",
				);
				PRODUCT_BUNDLE_IDENTIFIER = fr.phetsana.BoardGameAtlasTest;
				PRODUCT_NAME = "$(TARGET_NAME)";
				SWIFT_VERSION = 5.0;
				TARGETED_DEVICE_FAMILY = "1,2";
			};
			name = Release;
		};
		9BC22EA62506CE8400C0F9D2 /* Debug */ = {
			isa = XCBuildConfiguration;
			buildSettings = {
				ALWAYS_EMBED_SWIFT_STANDARD_LIBRARIES = YES;
				BUNDLE_LOADER = "$(TEST_HOST)";
				CODE_SIGN_STYLE = Automatic;
				DEVELOPMENT_TEAM = HL8FSAKWJ2;
				INFOPLIST_FILE = BoardGameAtlasTestTests/Info.plist;
				IPHONEOS_DEPLOYMENT_TARGET = 14.0;
				LD_RUNPATH_SEARCH_PATHS = (
					"$(inherited)",
					"@executable_path/Frameworks",
					"@loader_path/Frameworks",
				);
				PRODUCT_BUNDLE_IDENTIFIER = fr.phetsana.BoardGameAtlasTestTests;
				PRODUCT_NAME = "$(TARGET_NAME)";
				SWIFT_VERSION = 5.0;
				TARGETED_DEVICE_FAMILY = "1,2";
				TEST_HOST = "$(BUILT_PRODUCTS_DIR)/BoardGameAtlasTest.app/BoardGameAtlasTest";
			};
			name = Debug;
		};
		9BC22EA72506CE8400C0F9D2 /* Release */ = {
			isa = XCBuildConfiguration;
			buildSettings = {
				ALWAYS_EMBED_SWIFT_STANDARD_LIBRARIES = YES;
				BUNDLE_LOADER = "$(TEST_HOST)";
				CODE_SIGN_STYLE = Automatic;
				DEVELOPMENT_TEAM = HL8FSAKWJ2;
				INFOPLIST_FILE = BoardGameAtlasTestTests/Info.plist;
				IPHONEOS_DEPLOYMENT_TARGET = 14.0;
				LD_RUNPATH_SEARCH_PATHS = (
					"$(inherited)",
					"@executable_path/Frameworks",
					"@loader_path/Frameworks",
				);
				PRODUCT_BUNDLE_IDENTIFIER = fr.phetsana.BoardGameAtlasTestTests;
				PRODUCT_NAME = "$(TARGET_NAME)";
				SWIFT_VERSION = 5.0;
				TARGETED_DEVICE_FAMILY = "1,2";
				TEST_HOST = "$(BUILT_PRODUCTS_DIR)/BoardGameAtlasTest.app/BoardGameAtlasTest";
			};
			name = Release;
		};
		9BC22EA92506CE8400C0F9D2 /* Debug */ = {
			isa = XCBuildConfiguration;
			buildSettings = {
				ALWAYS_EMBED_SWIFT_STANDARD_LIBRARIES = YES;
				CODE_SIGN_STYLE = Automatic;
				DEVELOPMENT_TEAM = HL8FSAKWJ2;
				INFOPLIST_FILE = BoardGameAtlasTestUITests/Info.plist;
				LD_RUNPATH_SEARCH_PATHS = (
					"$(inherited)",
					"@executable_path/Frameworks",
					"@loader_path/Frameworks",
				);
				PRODUCT_BUNDLE_IDENTIFIER = fr.phetsana.BoardGameAtlasTestUITests;
				PRODUCT_NAME = "$(TARGET_NAME)";
				SWIFT_VERSION = 5.0;
				TARGETED_DEVICE_FAMILY = "1,2";
				TEST_TARGET_NAME = BoardGameAtlasTest;
			};
			name = Debug;
		};
		9BC22EAA2506CE8400C0F9D2 /* Release */ = {
			isa = XCBuildConfiguration;
			buildSettings = {
				ALWAYS_EMBED_SWIFT_STANDARD_LIBRARIES = YES;
				CODE_SIGN_STYLE = Automatic;
				DEVELOPMENT_TEAM = HL8FSAKWJ2;
				INFOPLIST_FILE = BoardGameAtlasTestUITests/Info.plist;
				LD_RUNPATH_SEARCH_PATHS = (
					"$(inherited)",
					"@executable_path/Frameworks",
					"@loader_path/Frameworks",
				);
				PRODUCT_BUNDLE_IDENTIFIER = fr.phetsana.BoardGameAtlasTestUITests;
				PRODUCT_NAME = "$(TARGET_NAME)";
				SWIFT_VERSION = 5.0;
				TARGETED_DEVICE_FAMILY = "1,2";
				TEST_TARGET_NAME = BoardGameAtlasTest;
			};
			name = Release;
		};
/* End XCBuildConfiguration section */

/* Begin XCConfigurationList section */
		9BC22E782506CE8200C0F9D2 /* Build configuration list for PBXProject "BoardGameAtlasTest" */ = {
			isa = XCConfigurationList;
			buildConfigurations = (
				9BC22EA02506CE8400C0F9D2 /* Debug */,
				9BC22EA12506CE8400C0F9D2 /* Release */,
			);
			defaultConfigurationIsVisible = 0;
			defaultConfigurationName = Release;
		};
		9BC22EA22506CE8400C0F9D2 /* Build configuration list for PBXNativeTarget "BoardGameAtlasTest" */ = {
			isa = XCConfigurationList;
			buildConfigurations = (
				9BC22EA32506CE8400C0F9D2 /* Debug */,
				9BC22EA42506CE8400C0F9D2 /* Release */,
			);
			defaultConfigurationIsVisible = 0;
			defaultConfigurationName = Release;
		};
		9BC22EA52506CE8400C0F9D2 /* Build configuration list for PBXNativeTarget "BoardGameAtlasTestTests" */ = {
			isa = XCConfigurationList;
			buildConfigurations = (
				9BC22EA62506CE8400C0F9D2 /* Debug */,
				9BC22EA72506CE8400C0F9D2 /* Release */,
			);
			defaultConfigurationIsVisible = 0;
			defaultConfigurationName = Release;
		};
		9BC22EA82506CE8400C0F9D2 /* Build configuration list for PBXNativeTarget "BoardGameAtlasTestUITests" */ = {
			isa = XCConfigurationList;
			buildConfigurations = (
				9BC22EA92506CE8400C0F9D2 /* Debug */,
				9BC22EAA2506CE8400C0F9D2 /* Release */,
			);
			defaultConfigurationIsVisible = 0;
			defaultConfigurationName = Release;
		};
/* End XCConfigurationList section */
	};
	rootObject = 9BC22E752506CE8200C0F9D2 /* Project object */;
}
